
Microsoft Visual Studio Solution File, Format Version 12.00
# Visual Studio Version 17
VisualStudioVersion = 17.3.32825.248
MinimumVisualStudioVersion = 10.0.40219.1
Project("{9A19103F-16F7-4668-BE54-9A1E7A4F7556}") = "EndOfTheBook", "EndOfTheBook\EndOfTheBook.csproj", "{1FB6FE82-9B02-4271-9288-5332E0A363C2}"
EndProject
Project("{9A19103F-16F7-4668-BE54-9A1E7A4F7556}") = "Repository", "Repository\Repository.csproj", "{ADA42C66-79FA-4AD1-83CE-CAC4C888D4AD}"
EndProject
Project("{9A19103F-16F7-4668-BE54-9A1E7A4F7556}") = "Service", "Service\Service.csproj", "{2C792614-6817-42B2-8A67-9BB5ABEF1C7C}"
EndProject
Project("{9A19103F-16F7-4668-BE54-9A1E7A4F7556}") = "Common", "Common\Common.csproj", "{E75BBAD3-DE98-4497-90A5-B3A772041F5D}"
EndProject
Project("{9A19103F-16F7-4668-BE54-9A1E7A4F7556}") = "MockContext", "MockContext\MockContext.csproj", "{DA25961E-5893-4FD5-8392-1C676FAC21FE}"
EndProject
Global
	GlobalSection(SolutionConfigurationPlatforms) = preSolution
		Debug|Any CPU = Debug|Any CPU
		Release|Any CPU = Release|Any CPU
	EndGlobalSection
	GlobalSection(ProjectConfigurationPlatforms) = postSolution
		{1FB6FE82-9B02-4271-9288-5332E0A363C2}.Debug|Any CPU.ActiveCfg = Debug|Any CPU
		{1FB6FE82-9B02-4271-9288-5332E0A363C2}.Debug|Any CPU.Build.0 = Debug|Any CPU
		{1FB6FE82-9B02-4271-9288-5332E0A363C2}.Release|Any CPU.ActiveCfg = Release|Any CPU
		{1FB6FE82-9B02-4271-9288-5332E0A363C2}.Release|Any CPU.Build.0 = Release|Any CPU
		{ADA42C66-79FA-4AD1-83CE-CAC4C888D4AD}.Debug|Any CPU.ActiveCfg = Debug|Any CPU
		{ADA42C66-79FA-4AD1-83CE-CAC4C888D4AD}.Debug|Any CPU.Build.0 = Debug|Any CPU
		{ADA42C66-79FA-4AD1-83CE-CAC4C888D4AD}.Release|Any CPU.ActiveCfg = Release|Any CPU
		{ADA42C66-79FA-4AD1-83CE-CAC4C888D4AD}.Release|Any CPU.Build.0 = Release|Any CPU
		{2C792614-6817-42B2-8A67-9BB5ABEF1C7C}.Debug|Any CPU.ActiveCfg = Debug|Any CPU
		{2C792614-6817-42B2-8A67-9BB5ABEF1C7C}.Debug|Any CPU.Build.0 = Debug|Any CPU
		{2C792614-6817-42B2-8A67-9BB5ABEF1C7C}.Release|Any CPU.ActiveCfg = Release|Any CPU
		{2C792614-6817-42B2-8A67-9BB5ABEF1C7C}.Release|Any CPU.Build.0 = Release|Any CPU
		{E75BBAD3-DE98-4497-90A5-B3A772041F5D}.Debug|Any CPU.ActiveCfg = Debug|Any CPU
		{E75BBAD3-DE98-4497-90A5-B3A772041F5D}.Debug|Any CPU.Build.0 = Debug|Any CPU
		{E75BBAD3-DE98-4497-90A5-B3A772041F5D}.Release|Any CPU.ActiveCfg = Release|Any CPU
		{E75BBAD3-DE98-4497-90A5-B3A772041F5D}.Release|Any CPU.Build.0 = Release|Any CPU
		{DA25961E-5893-4FD5-8392-1C676FAC21FE}.Debug|Any CPU.ActiveCfg = Debug|Any CPU
		{DA25961E-5893-4FD5-8392-1C676FAC21FE}.Debug|Any CPU.Build.0 = Debug|Any CPU
		{DA25961E-5893-4FD5-8392-1C676FAC21FE}.Release|Any CPU.ActiveCfg = Release|Any CPU
		{DA25961E-5893-4FD5-8392-1C676FAC21FE}.Release|Any CPU.Build.0 = Release|Any CPU
	EndGlobalSection
	GlobalSection(SolutionProperties) = preSolution
		HideSolutionNode = FALSE
	EndGlobalSection
	GlobalSection(ExtensibilityGlobals) = postSolution
		SolutionGuid = {F1ABC472-0387-452E-8CD9-E93B99861829}
	EndGlobalSection
EndGlobal
